
Microsoft Visual Studio Solution File, Format Version 12.00
# Visual Studio 2012
Project("{FAE04EC0-301F-11D3-BF4B-00C04F79EFBC}") = "Cinema", "Cinema\Cinema.csproj", "{3F51B683-7052-420A-B2FA-98D4B0D62D32}"
EndProject
Project("{FAE04EC0-301F-11D3-BF4B-00C04F79EFBC}") = "ConsoleTesting", "ConsoleTesting\ConsoleTesting.csproj", "{3AA3529B-69CD-4060-BD68-F3E73FC8E923}"
EndProject
Global
	GlobalSection(SolutionConfigurationPlatforms) = preSolution
		Debug|Any CPU = Debug|Any CPU
		Release|Any CPU = Release|Any CPU
	EndGlobalSection
	GlobalSection(ProjectConfigurationPlatforms) = postSolution
		{3F51B683-7052-420A-B2FA-98D4B0D62D32}.Debug|Any CPU.ActiveCfg = Debug|Any CPU
		{3F51B683-7052-420A-B2FA-98D4B0D62D32}.Debug|Any CPU.Build.0 = Debug|Any CPU
		{3F51B683-7052-420A-B2FA-98D4B0D62D32}.Release|Any CPU.ActiveCfg = Release|Any CPU
		{3F51B683-7052-420A-B2FA-98D4B0D62D32}.Release|Any CPU.Build.0 = Release|Any CPU
		{3AA3529B-69CD-4060-BD68-F3E73FC8E923}.Debug|Any CPU.ActiveCfg = Debug|Any CPU
		{3AA3529B-69CD-4060-BD68-F3E73FC8E923}.Debug|Any CPU.Build.0 = Debug|Any CPU
		{3AA3529B-69CD-4060-BD68-F3E73FC8E923}.Release|Any CPU.ActiveCfg = Release|Any CPU
		{3AA3529B-69CD-4060-BD68-F3E73FC8E923}.Release|Any CPU.Build.0 = Release|Any CPU
	EndGlobalSection
	GlobalSection(SolutionProperties) = preSolution
		HideSolutionNode = FALSE
	EndGlobalSection
	GlobalSection(ExtensibilityGlobals) = postSolution
		VisualSVNWorkingCopyRoot = .
	EndGlobalSection
EndGlobal
